<?xml version="1.0" encoding="utf-8"?>
<Project ToolsVersion="4.0" xmlns="http://schemas.microsoft.com/developer/msbuild/2003">
  <ItemGroup>
    <Filter Include="Fichiers sources">
      <UniqueIdentifier>{4FC737F1-C7A5-4376-A066-2A32D752A2FF}</UniqueIdentifier>
      <Extensions>cpp;c;cc;cxx;def;odl;idl;hpj;bat;asm;asmx</Extensions>
    </Filter>
    <Filter Include="Fichiers d%27en-tête">
      <UniqueIdentifier>{93995380-89BD-4b04-88EB-625FBE52EBFB}</UniqueIdentifier>
      <Extensions>h;hh;hpp;hxx;hm;inl;inc;ipp;xsd</Extensions>
    </Filter>
    <Filter Include="Fichiers de ressources">
      <UniqueIdentifier>{67DA6AB6-F800-4c08-8B7A-83BB121AAD01}</UniqueIdentifier>
      <Extensions>rc;ico;cur;bmp;dlg;rc2;rct;bin;rgs;gif;jpg;jpeg;jpe;resx;tiff;tif;png;wav;mfcribbon-ms</Extensions>
    </Filter>
    <Filter Include="Fichiers d%27en-tête\ChargementFormes">
      <UniqueIdentifier>{4c966783-5ab5-4ee9-898e-c4314de87adc}</UniqueIdentifier>
    </Filter>
    <Filter Include="Fichiers d%27en-tête\DessinForme">
      <UniqueIdentifier>{c674dc4b-b85c-48f0-85b9-7bcdd944dddf}</UniqueIdentifier>
    </Filter>
    <Filter Include="Fichiers d%27en-tête\SauvegardeForme">
      <UniqueIdentifier>{e9c18d7e-6eee-4b93-99d6-80b10eb92223}</UniqueIdentifier>
    </Filter>
    <Filter Include="Fichiers sources\Formes">
      <UniqueIdentifier>{43308dc9-822f-40d0-a6d3-7ffd77220c7e}</UniqueIdentifier>
    </Filter>
    <Filter Include="Fichiers sources\Connexion_Serveur">
      <UniqueIdentifier>{b232a37d-210c-4986-bb2d-5cb4e4276e34}</UniqueIdentifier>
    </Filter>
    <Filter Include="Fichiers d%27en-tête\Formes">
      <UniqueIdentifier>{9baf81f7-c609-451d-9272-8ee51e932582}</UniqueIdentifier>
    </Filter>
    <Filter Include="Fichiers sources\Chargement/Sauvegarde">
      <UniqueIdentifier>{ba1c0dd0-2011-4343-aefb-b3fd50c7895c}</UniqueIdentifier>
    </Filter>
  </ItemGroup>
  <ItemGroup>
    <ClInclude Include="pch.h">
      <Filter>Fichiers d%27en-tête</Filter>
    </ClInclude>
    <ClInclude Include="Erreur.h">
      <Filter>Fichiers d%27en-tête</Filter>
    </ClInclude>
    <ClInclude Include="Application.h">
      <Filter>Fichiers d%27en-tête</Filter>
    </ClInclude>
    <ClInclude Include="InterfaceChargement.h">
      <Filter>Fichiers d%27en-tête\ChargementFormes</Filter>
    </ClInclude>
    <ClInclude Include="SauvegardeForme.h">
      <Filter>Fichiers d%27en-tête\SauvegardeForme</Filter>
    </ClInclude>
    <ClInclude Include="Matrice.h">
      <Filter>Fichiers d%27en-tête</Filter>
    </ClInclude>
    <ClInclude Include="VisiteurDessinJava.h">
      <Filter>Fichiers d%27en-tête\DessinForme</Filter>
    </ClInclude>
    <ClInclude Include="VisiteurSauvegarde.h">
      <Filter>Fichiers d%27en-tête\SauvegardeForme</Filter>
    </ClInclude>
    <ClInclude Include="InterfaceChargementTriangle.h">
      <Filter>Fichiers d%27en-tête\ChargementFormes</Filter>
    </ClInclude>
    <ClInclude Include="InterfaceChargementCercle.h">
      <Filter>Fichiers d%27en-tête\ChargementFormes</Filter>
    </ClInclude>
    <ClInclude Include="InterfaceChargementPolygone.h">
      <Filter>Fichiers d%27en-tête\ChargementFormes</Filter>
    </ClInclude>
    <ClInclude Include="InterfaceChargementSegment.h">
      <Filter>Fichiers d%27en-tête\ChargementFormes</Filter>
    </ClInclude>
    <ClInclude Include="InterfaceChargementFormeComposee.h">
      <Filter>Fichiers d%27en-tête\ChargementFormes</Filter>
    </ClInclude>
    <ClInclude Include="EnvoyeurReceveur.h">
      <Filter>Fichiers d%27en-tête\DessinForme</Filter>
    </ClInclude>
    <ClInclude Include="Cercle.h">
      <Filter>Fichiers d%27en-tête\Formes</Filter>
    </ClInclude>
    <ClInclude Include="FormeComposee.h">
      <Filter>Fichiers d%27en-tête\Formes</Filter>
    </ClInclude>
    <ClInclude Include="FormeGeometrique.h">
      <Filter>Fichiers d%27en-tête\Formes</Filter>
    </ClInclude>
    <ClInclude Include="FormeSimple.h">
      <Filter>Fichiers d%27en-tête\Formes</Filter>
    </ClInclude>
    <ClInclude Include="Segment.h">
      <Filter>Fichiers d%27en-tête\Formes</Filter>
    </ClInclude>
    <ClInclude Include="Polygone.h">
      <Filter>Fichiers d%27en-tête\Formes</Filter>
    </ClInclude>
    <ClInclude Include="Triangle.h">
      <Filter>Fichiers d%27en-tête\Formes</Filter>
    </ClInclude>
    <ClInclude Include="Vecteur2D.h">
      <Filter>Fichiers d%27en-tête\Formes</Filter>
    </ClInclude>
    <ClInclude Include="VisiteurForme.h">
      <Filter>Fichiers d%27en-tête\DessinForme</Filter>
    </ClInclude>
  </ItemGroup>
  <ItemGroup>
    <ClCompile Include="pch.cpp">
      <Filter>Fichiers sources</Filter>
    </ClCompile>
    <ClCompile Include="Application.cpp">
      <Filter>Fichiers sources</Filter>
    </ClCompile>
    <ClCompile Include="Matrice.cpp">
      <Filter>Fichiers sources</Filter>
    </ClCompile>
    <ClCompile Include="Cercle.cpp">
      <Filter>Fichiers sources\Formes</Filter>
    </ClCompile>
    <ClCompile Include="FormeComposee.cpp">
      <Filter>Fichiers sources\Formes</Filter>
    </ClCompile>
    <ClCompile Include="FormeGeometrique.cpp">
      <Filter>Fichiers sources\Formes</Filter>
    </ClCompile>
    <ClCompile Include="FormeSimple.cpp">
      <Filter>Fichiers sources\Formes</Filter>
    </ClCompile>
    <ClCompile Include="Polygone.cpp">
      <Filter>Fichiers sources\Formes</Filter>
    </ClCompile>
    <ClCompile Include="Segment.cpp">
      <Filter>Fichiers sources\Formes</Filter>
    </ClCompile>
    <ClCompile Include="Triangle.cpp">
      <Filter>Fichiers sources\Formes</Filter>
    </ClCompile>
    <ClCompile Include="Vecteur2D.cpp">
      <Filter>Fichiers sources\Formes</Filter>
    </ClCompile>
    <ClCompile Include="InterfaceChargement.cpp">
      <Filter>Fichiers sources\Chargement/Sauvegarde</Filter>
    </ClCompile>
    <ClCompile Include="InterfaceChargementCercle.cpp">
      <Filter>Fichiers sources\Chargement/Sauvegarde</Filter>
    </ClCompile>
    <ClCompile Include="InterfaceChargementPolygone.cpp">
      <Filter>Fichiers sources\Chargement/Sauvegarde</Filter>
    </ClCompile>
    <ClCompile Include="InterfaceChargementSegment.cpp">
      <Filter>Fichiers sources\Chargement/Sauvegarde</Filter>
    </ClCompile>
    <ClCompile Include="InterfaceChargementTriangle.cpp">
      <Filter>Fichiers sources\Chargement/Sauvegarde</Filter>
    </ClCompile>
    <ClCompile Include="EnvoyeurReceveur.cpp">
      <Filter>Fichiers sources\Connexion_Serveur</Filter>
    </ClCompile>
    <ClCompile Include="SauvegardeForme.cpp">
      <Filter>Fichiers sources\Chargement/Sauvegarde</Filter>
    </ClCompile>
    <ClCompile Include="InterfaceChargementFormeComposee.cpp">
      <Filter>Fichiers sources\Chargement/Sauvegarde</Filter>
    </ClCompile>
    <ClCompile Include="VisiteurDessinJava.cpp">
      <Filter>Fichiers sources\Connexion_Serveur</Filter>
    </ClCompile>
  </ItemGroup>
</Project>